// !$*UTF8*$!
{
	archiveVersion = 1;
	classes = {
	};
	objectVersion = 77;
	objects = {

/* Begin PBXBuildFile section */
		AB34BC2C2DAEC03D00C2C599 /* SwiftCSV in Frameworks */ = {isa = PBXBuildFile; productRef = AB34BC2B2DAEC03D00C2C599 /* SwiftCSV */; };
/* End PBXBuildFile section */

/* Begin PBXContainerItemProxy section */
		AB34BBF52DAE081A00C2C599 /* PBXContainerItemProxy */ = {
			isa = PBXContainerItemProxy;
			containerPortal = AB34BBDC2DAE081800C2C599 /* Project object */;
			proxyType = 1;
			remoteGlobalIDString = AB34BBE32DAE081800C2C599;
			remoteInfo = URCityAI;
		};
		AB34BBFF2DAE081A00C2C599 /* PBXContainerItemProxy */ = {
			isa = PBXContainerItemProxy;
			containerPortal = AB34BBDC2DAE081800C2C599 /* Project object */;
			proxyType = 1;
			remoteGlobalIDString = AB34BBE32DAE081800C2C599;
			remoteInfo = URCityAI;
		};
/* End PBXContainerItemProxy section */

/* Begin PBXFileReference section */
		AB34BBE42DAE081800C2C599 /* URCityAI.app */ = {isa = PBXFileReference; explicitFileType = wrapper.application; includeInIndex = 0; path = URCityAI.app; sourceTree = BUILT_PRODUCTS_DIR; };
		AB34BBF42DAE081A00C2C599 /* URCityAITests.xctest */ = {isa = PBXFileReference; explicitFileType = wrapper.cfbundle; includeInIndex = 0; path = URCityAITests.xctest; sourceTree = BUILT_PRODUCTS_DIR; };
		AB34BBFE2DAE081A00C2C599 /* URCityAIUITests.xctest */ = {isa = PBXFileReference; explicitFileType = wrapper.cfbundle; includeInIndex = 0; path = URCityAIUITests.xctest; sourceTree = BUILT_PRODUCTS_DIR; };
/* End PBXFileReference section */

/* Begin PBXFileSystemSynchronizedBuildFileExceptionSet section */
		AB34BC212DAE3CC200C2C599 /* Exceptions for "URCityAI" folder in "URCityAI" target */ = {
			isa = PBXFileSystemSynchronizedBuildFileExceptionSet;
			membershipExceptions = (
				Info.plist,
			);
			target = AB34BBE32DAE081800C2C599 /* URCityAI */;
		};
/* End PBXFileSystemSynchronizedBuildFileExceptionSet section */

/* Begin PBXFileSystemSynchronizedRootGroup section */
		AB34BBE62DAE081800C2C599 /* URCityAI */ = {
			isa = PBXFileSystemSynchronizedRootGroup;
			exceptions = (
				AB34BC212DAE3CC200C2C599 /* Exceptions for "URCityAI" folder in "URCityAI" target */,
			);
			path = URCityAI;
			sourceTree = "<group>";
		};
		AB34BBF72DAE081A00C2C599 /* URCityAITests */ = {
			isa = PBXFileSystemSynchronizedRootGroup;
			path = URCityAITests;
			sourceTree = "<group>";
		};
		AB34BC012DAE081A00C2C599 /* URCityAIUITests */ = {
			isa = PBXFileSystemSynchronizedRootGroup;
			path = URCityAIUITests;
			sourceTree = "<group>";
		};
/* End PBXFileSystemSynchronizedRootGroup section */

/* Begin PBXFrameworksBuildPhase section */
		AB34BBE12DAE081800C2C599 /* Frameworks */ = {
			isa = PBXFrameworksBuildPhase;
			buildActionMask = 2147483647;
			files = (
				AB34BC2C2DAEC03D00C2C599 /* SwiftCSV in Frameworks */,
			);
			runOnlyForDeploymentPostprocessing = 0;
		};
		AB34BBF12DAE081A00C2C599 /* Frameworks */ = {
			isa = PBXFrameworksBuildPhase;
			buildActionMask = 2147483647;
			files = (
			);
			runOnlyForDeploymentPostprocessing = 0;
		};
		AB34BBFB2DAE081A00C2C599 /* Frameworks */ = {
			isa = PBXFrameworksBuildPhase;
			buildActionMask = 2147483647;
			files = (
			);
			runOnlyForDeploymentPostprocessing = 0;
		};
/* End PBXFrameworksBuildPhase section */

/* Begin PBXGroup section */
		AB34BBDB2DAE081800C2C599 = {
			isa = PBXGroup;
			children = (
				AB34BBE62DAE081800C2C599 /* URCityAI */,
				AB34BBF72DAE081A00C2C599 /* URCityAITests */,
				AB34BC012DAE081A00C2C599 /* URCityAIUITests */,
				AB34BBE52DAE081800C2C599 /* Products */,
			);
			sourceTree = "<group>";
		};
		AB34BBE52DAE081800C2C599 /* Products */ = {
			isa = PBXGroup;
			children = (
				AB34BBE42DAE081800C2C599 /* URCityAI.app */,
				AB34BBF42DAE081A00C2C599 /* URCityAITests.xctest */,
				AB34BBFE2DAE081A00C2C599 /* URCityAIUITests.xctest */,
			);
			name = Products;
			sourceTree = "<group>";
		};
/* End PBXGroup section */

/* Begin PBXNativeTarget section */
		AB34BBE32DAE081800C2C599 /* URCityAI */ = {
			isa = PBXNativeTarget;
			buildConfigurationList = AB34BC082DAE081A00C2C599 /* Build configuration list for PBXNativeTarget "URCityAI" */;
			buildPhases = (
				AB34BBE02DAE081800C2C599 /* Sources */,
				AB34BBE12DAE081800C2C599 /* Frameworks */,
				AB34BBE22DAE081800C2C599 /* Resources */,
			);
			buildRules = (
			);
			dependencies = (
			);
			fileSystemSynchronizedGroups = (
				AB34BBE62DAE081800C2C599 /* URCityAI */,
			);
			name = URCityAI;
			packageProductDependencies = (
				AB34BC2B2DAEC03D00C2C599 /* SwiftCSV */,
			);
			productName = URCityAI;
			productReference = AB34BBE42DAE081800C2C599 /* URCityAI.app */;
			productType = "com.apple.product-type.application";
		};
		AB34BBF32DAE081A00C2C599 /* URCityAITests */ = {
			isa = PBXNativeTarget;
			buildConfigurationList = AB34BC0B2DAE081A00C2C599 /* Build configuration list for PBXNativeTarget "URCityAITests" */;
			buildPhases = (
				AB34BBF02DAE081A00C2C599 /* Sources */,
				AB34BBF12DAE081A00C2C599 /* Frameworks */,
				AB34BBF22DAE081A00C2C599 /* Resources */,
			);
			buildRules = (
			);
			dependencies = (
				AB34BBF62DAE081A00C2C599 /* PBXTargetDependency */,
			);
			fileSystemSynchronizedGroups = (
				AB34BBF72DAE081A00C2C599 /* URCityAITests */,
			);
			name = URCityAITests;
			packageProductDependencies = (
			);
			productName = URCityAITests;
			productReference = AB34BBF42DAE081A00C2C599 /* URCityAITests.xctest */;
			productType = "com.apple.product-type.bundle.unit-test";
		};
		AB34BBFD2DAE081A00C2C599 /* URCityAIUITests */ = {
			isa = PBXNativeTarget;
			buildConfigurationList = AB34BC0E2DAE081A00C2C599 /* Build configuration list for PBXNativeTarget "URCityAIUITests" */;
			buildPhases = (
				AB34BBFA2DAE081A00C2C599 /* Sources */,
				AB34BBFB2DAE081A00C2C599 /* Frameworks */,
				AB34BBFC2DAE081A00C2C599 /* Resources */,
			);
			buildRules = (
			);
			dependencies = (
				AB34BC002DAE081A00C2C599 /* PBXTargetDependency */,
			);
			fileSystemSynchronizedGroups = (
				AB34BC012DAE081A00C2C599 /* URCityAIUITests */,
			);
			name = URCityAIUITests;
			packageProductDependencies = (
			);
			productName = URCityAIUITests;
			productReference = AB34BBFE2DAE081A00C2C599 /* URCityAIUITests.xctest */;
			productType = "com.apple.product-type.bundle.ui-testing";
		};
/* End PBXNativeTarget section */

/* Begin PBXProject section */
		AB34BBDC2DAE081800C2C599 /* Project object */ = {
			isa = PBXProject;
			attributes = {
				BuildIndependentTargetsInParallel = 1;
				LastSwiftUpdateCheck = 1620;
				LastUpgradeCheck = 1620;
				TargetAttributes = {
					AB34BBE32DAE081800C2C599 = {
						CreatedOnToolsVersion = 16.2;
					};
					AB34BBF32DAE081A00C2C599 = {
						CreatedOnToolsVersion = 16.2;
						TestTargetID = AB34BBE32DAE081800C2C599;
					};
					AB34BBFD2DAE081A00C2C599 = {
						CreatedOnToolsVersion = 16.2;
						TestTargetID = AB34BBE32DAE081800C2C599;
					};
				};
			};
			buildConfigurationList = AB34BBDF2DAE081800C2C599 /* Build configuration list for PBXProject "URCityAI" */;
			developmentRegion = en;
			hasScannedForEncodings = 0;
			knownRegions = (
				en,
				Base,
			);
			mainGroup = AB34BBDB2DAE081800C2C599;
			minimizedProjectReferenceProxies = 1;
			packageReferences = (
				AB34BC2A2DAEC03D00C2C599 /* XCRemoteSwiftPackageReference "SwiftCSV" */,
			);
			preferredProjectObjectVersion = 77;
			productRefGroup = AB34BBE52DAE081800C2C599 /* Products */;
			projectDirPath = "";
			projectRoot = "";
			targets = (
				AB34BBE32DAE081800C2C599 /* URCityAI */,
				AB34BBF32DAE081A00C2C599 /* URCityAITests */,
				AB34BBFD2DAE081A00C2C599 /* URCityAIUITests */,
			);
		};
/* End PBXProject section */

/* Begin PBXResourcesBuildPhase section */
		AB34BBE22DAE081800C2C599 /* Resources */ = {
			isa = PBXResourcesBuildPhase;
			buildActionMask = 2147483647;
			files = (
			);
			runOnlyForDeploymentPostprocessing = 0;
		};
		AB34BBF22DAE081A00C2C599 /* Resources */ = {
			isa = PBXResourcesBuildPhase;
			buildActionMask = 2147483647;
			files = (
			);
			runOnlyForDeploymentPostprocessing = 0;
		};
		AB34BBFC2DAE081A00C2C599 /* Resources */ = {
			isa = PBXResourcesBuildPhase;
			buildActionMask = 2147483647;
			files = (
			);
			runOnlyForDeploymentPostprocessing = 0;
		};
/* End PBXResourcesBuildPhase section */

/* Begin PBXSourcesBuildPhase section */
		AB34BBE02DAE081800C2C599 /* Sources */ = {
			isa = PBXSourcesBuildPhase;
			buildActionMask = 2147483647;
			files = (
			);
			runOnlyForDeploymentPostprocessing = 0;
		};
		AB34BBF02DAE081A00C2C599 /* Sources */ = {
			isa = PBXSourcesBuildPhase;
			buildActionMask = 2147483647;
			files = (
			);
			runOnlyForDeploymentPostprocessing = 0;
		};
		AB34BBFA2DAE081A00C2C599 /* Sources */ = {
			isa = PBXSourcesBuildPhase;
			buildActionMask = 2147483647;
			files = (
			);
			runOnlyForDeploymentPostprocessing = 0;
		};
/* End PBXSourcesBuildPhase section */

/* Begin PBXTargetDependency section */
		AB34BBF62DAE081A00C2C599 /* PBXTargetDependency */ = {
			isa = PBXTargetDependency;
			target = AB34BBE32DAE081800C2C599 /* URCityAI */;
			targetProxy = AB34BBF52DAE081A00C2C599 /* PBXContainerItemProxy */;
		};
		AB34BC002DAE081A00C2C599 /* PBXTargetDependency */ = {
			isa = PBXTargetDependency;
			target = AB34BBE32DAE081800C2C599 /* URCityAI */;
			targetProxy = AB34BBFF2DAE081A00C2C599 /* PBXContainerItemProxy */;
		};
/* End PBXTargetDependency section */

/* Begin XCBuildConfiguration section */
		AB34BC062DAE081A00C2C599 /* Debug */ = {
			isa = XCBuildConfiguration;
			buildSettings = {
				ALWAYS_SEARCH_USER_PATHS = NO;
				ASSETCATALOG_COMPILER_GENERATE_SWIFT_ASSET_SYMBOL_EXTENSIONS = YES;
				CLANG_ANALYZER_NONNULL = YES;
				CLANG_ANALYZER_NUMBER_OBJECT_CONVERSION = YES_AGGRESSIVE;
				CLANG_CXX_LANGUAGE_STANDARD = "gnu++20";
				CLANG_ENABLE_MODULES = YES;
				CLANG_ENABLE_OBJC_ARC = YES;
				CLANG_ENABLE_OBJC_WEAK = YES;
				CLANG_WARN_BLOCK_CAPTURE_AUTORELEASING = YES;
				CLANG_WARN_BOOL_CONVERSION = YES;
				CLANG_WARN_COMMA = YES;
				CLANG_WARN_CONSTANT_CONVERSION = YES;
				CLANG_WARN_DEPRECATED_OBJC_IMPLEMENTATIONS = YES;
				CLANG_WARN_DIRECT_OBJC_ISA_USAGE = YES_ERROR;
				CLANG_WARN_DOCUMENTATION_COMMENTS = YES;
				CLANG_WARN_EMPTY_BODY = YES;
				CLANG_WARN_ENUM_CONVERSION = YES;
				CLANG_WARN_INFINITE_RECURSION = YES;
				CLANG_WARN_INT_CONVERSION = YES;
				CLANG_WARN_NON_LITERAL_NULL_CONVERSION = YES;
				CLANG_WARN_OBJC_IMPLICIT_RETAIN_SELF = YES;
				CLANG_WARN_OBJC_LITERAL_CONVERSION = YES;
				CLANG_WARN_OBJC_ROOT_CLASS = YES_ERROR;
				CLANG_WARN_QUOTED_INCLUDE_IN_FRAMEWORK_HEADER = YES;
				CLANG_WARN_RANGE_LOOP_ANALYSIS = YES;
				CLANG_WARN_STRICT_PROTOTYPES = YES;
				CLANG_WARN_SUSPICIOUS_MOVE = YES;
				CLANG_WARN_UNGUARDED_AVAILABILITY = YES_AGGRESSIVE;
				CLANG_WARN_UNREACHABLE_CODE = YES;
				CLANG_WARN__DUPLICATE_METHOD_MATCH = YES;
				COPY_PHASE_STRIP = NO;
				DEBUG_INFORMATION_FORMAT = dwarf;
				ENABLE_STRICT_OBJC_MSGSEND = YES;
				ENABLE_TESTABILITY = YES;
				ENABLE_USER_SCRIPT_SANDBOXING = YES;
				GCC_C_LANGUAGE_STANDARD = gnu17;
				GCC_DYNAMIC_NO_PIC = NO;
				GCC_NO_COMMON_BLOCKS = YES;
				GCC_OPTIMIZATION_LEVEL = 0;
				GCC_PREPROCESSOR_DEFINITIONS = (
					"DEBUG=1",
					"$(inherited)",
				);
				GCC_WARN_64_TO_32_BIT_CONVERSION = YES;
				GCC_WARN_ABOUT_RETURN_TYPE = YES_ERROR;
				GCC_WARN_UNDECLARED_SELECTOR = YES;
				GCC_WARN_UNINITIALIZED_AUTOS = YES_AGGRESSIVE;
				GCC_WARN_UNUSED_FUNCTION = YES;
				GCC_WARN_UNUSED_VARIABLE = YES;
				IPHONEOS_DEPLOYMENT_TARGET = 18.2;
				LOCALIZATION_PREFERS_STRING_CATALOGS = YES;
				MTL_ENABLE_DEBUG_INFO = INCLUDE_SOURCE;
				MTL_FAST_MATH = YES;
				ONLY_ACTIVE_ARCH = YES;
				SDKROOT = iphoneos;
				SWIFT_ACTIVE_COMPILATION_CONDITIONS = "DEBUG $(inherited)";
				SWIFT_OPTIMIZATION_LEVEL = "-Onone";
			};
			name = Debug;
		};
		AB34BC072DAE081A00C2C599 /* Release */ = {
			isa = XCBuildConfiguration;
			buildSettings = {
				ALWAYS_SEARCH_USER_PATHS = NO;
				ASSETCATALOG_COMPILER_GENERATE_SWIFT_ASSET_SYMBOL_EXTENSIONS = YES;
				CLANG_ANALYZER_NONNULL = YES;
				CLANG_ANALYZER_NUMBER_OBJECT_CONVERSION = YES_AGGRESSIVE;
				CLANG_CXX_LANGUAGE_STANDARD = "gnu++20";
				CLANG_ENABLE_MODULES = YES;
				CLANG_ENABLE_OBJC_ARC = YES;
				CLANG_ENABLE_OBJC_WEAK = YES;
				CLANG_WARN_BLOCK_CAPTURE_AUTORELEASING = YES;
				CLANG_WARN_BOOL_CONVERSION = YES;
				CLANG_WARN_COMMA = YES;
				CLANG_WARN_CONSTANT_CONVERSION = YES;
				CLANG_WARN_DEPRECATED_OBJC_IMPLEMENTATIONS = YES;
				CLANG_WARN_DIRECT_OBJC_ISA_USAGE = YES_ERROR;
				CLANG_WARN_DOCUMENTATION_COMMENTS = YES;
				CLANG_WARN_EMPTY_BODY = YES;
				CLANG_WARN_ENUM_CONVERSION = YES;
				CLANG_WARN_INFINITE_RECURSION = YES;
				CLANG_WARN_INT_CONVERSION = YES;
				CLANG_WARN_NON_LITERAL_NULL_CONVERSION = YES;
				CLANG_WARN_OBJC_IMPLICIT_RETAIN_SELF = YES;
				CLANG_WARN_OBJC_LITERAL_CONVERSION = YES;
				CLANG_WARN_OBJC_ROOT_CLASS = YES_ERROR;
				CLANG_WARN_QUOTED_INCLUDE_IN_FRAMEWORK_HEADER = YES;
				CLANG_WARN_RANGE_LOOP_ANALYSIS = YES;
				CLANG_WARN_STRICT_PROTOTYPES = YES;
				CLANG_WARN_SUSPICIOUS_MOVE = YES;
				CLANG_WARN_UNGUARDED_AVAILABILITY = YES_AGGRESSIVE;
				CLANG_WARN_UNREACHABLE_CODE = YES;
				CLANG_WARN__DUPLICATE_METHOD_MATCH = YES;
				COPY_PHASE_STRIP = NO;
				DEBUG_INFORMATION_FORMAT = "dwarf-with-dsym";
				ENABLE_NS_ASSERTIONS = NO;
				ENABLE_STRICT_OBJC_MSGSEND = YES;
				ENABLE_USER_SCRIPT_SANDBOXING = YES;
				GCC_C_LANGUAGE_STANDARD = gnu17;
				GCC_NO_COMMON_BLOCKS = YES;
				GCC_WARN_64_TO_32_BIT_CONVERSION = YES;
				GCC_WARN_ABOUT_RETURN_TYPE = YES_ERROR;
				GCC_WARN_UNDECLARED_SELECTOR = YES;
				GCC_WARN_UNINITIALIZED_AUTOS = YES_AGGRESSIVE;
				GCC_WARN_UNUSED_FUNCTION = YES;
				GCC_WARN_UNUSED_VARIABLE = YES;
				IPHONEOS_DEPLOYMENT_TARGET = 18.2;
				LOCALIZATION_PREFERS_STRING_CATALOGS = YES;
				MTL_ENABLE_DEBUG_INFO = NO;
				MTL_FAST_MATH = YES;
				SDKROOT = iphoneos;
				SWIFT_COMPILATION_MODE = wholemodule;
				VALIDATE_PRODUCT = YES;
			};
			name = Release;
		};
		AB34BC092DAE081A00C2C599 /* Debug */ = {
			isa = XCBuildConfiguration;
			buildSettings = {
				ASSETCATALOG_COMPILER_APPICON_NAME = AppIcon;
				ASSETCATALOG_COMPILER_GLOBAL_ACCENT_COLOR_NAME = AccentColor;
				CODE_SIGN_STYLE = Automatic;
				CURRENT_PROJECT_VERSION = 1;
				DEVELOPMENT_ASSET_PATHS = "\"URCityAI/Preview Content\"";
				DEVELOPMENT_TEAM = Y7CTS4353N;
				ENABLE_PREVIEWS = YES;
				GENERATE_INFOPLIST_FILE = YES;
				INFOPLIST_FILE = URCityAI/Info.plist;
				INFOPLIST_KEY_CFBundleDisplayName = ark.AI;
				INFOPLIST_KEY_LSApplicationCategoryType = "public.app-category.utilities";
				INFOPLIST_KEY_UIApplicationSceneManifest_Generation = YES;
				INFOPLIST_KEY_UIApplicationSupportsIndirectInputEvents = YES;
				INFOPLIST_KEY_UILaunchScreen_Generation = YES;
				INFOPLIST_KEY_UIStatusBarStyle = "";
				INFOPLIST_KEY_UISupportedInterfaceOrientations_iPad = "UIInterfaceOrientationPortrait UIInterfaceOrientationPortraitUpsideDown UIInterfaceOrientationLandscapeLeft UIInterfaceOrientationLandscapeRight";
				INFOPLIST_KEY_UISupportedInterfaceOrientations_iPhone = "UIInterfaceOrientationPortrait UIInterfaceOrientationLandscapeLeft UIInterfaceOrientationLandscapeRight";
				LD_RUNPATH_SEARCH_PATHS = (
					"$(inherited)",
					"@executable_path/Frameworks",
				);
				MARKETING_VERSION = 1.0;
				PRODUCT_BUNDLE_IDENTIFIER = "Arjun-Lamba.URCityAI";
				PRODUCT_NAME = "$(TARGET_NAME)";
				SWIFT_EMIT_LOC_STRINGS = YES;
				SWIFT_VERSION = 5.0;
				TARGETED_DEVICE_FAMILY = "1,2";
			};
			name = Debug;
		};
		AB34BC0A2DAE081A00C2C599 /* Release */ = {
			isa = XCBuildConfiguration;
			buildSettings = {
				ASSETCATALOG_COMPILER_APPICON_NAME = AppIcon;
				ASSETCATALOG_COMPILER_GLOBAL_ACCENT_COLOR_NAME = AccentColor;
				CODE_SIGN_STYLE = Automatic;
				CURRENT_PROJECT_VERSION = 1;
				DEVELOPMENT_ASSET_PATHS = "\"URCityAI/Preview Content\"";
				DEVELOPMENT_TEAM = Y7CTS4353N;
				ENABLE_PREVIEWS = YES;
				GENERATE_INFOPLIST_FILE = YES;
				INFOPLIST_FILE = URCityAI/Info.plist;
				INFOPLIST_KEY_CFBundleDisplayName = ark.AI;
				INFOPLIST_KEY_LSApplicationCategoryType = "public.app-category.utilities";
				INFOPLIST_KEY_UIApplicationSceneManifest_Generation = YES;
				INFOPLIST_KEY_UIApplicationSupportsIndirectInputEvents = YES;
				INFOPLIST_KEY_UILaunchScreen_Generation = YES;
				INFOPLIST_KEY_UIStatusBarStyle = "";
				INFOPLIST_KEY_UISupportedInterfaceOrientations_iPad = "UIInterfaceOrientationPortrait UIInterfaceOrientationPortraitUpsideDown UIInterfaceOrientationLandscapeLeft UIInterfaceOrientationLandscapeRight";
				INFOPLIST_KEY_UISupportedInterfaceOrientations_iPhone = "UIInterfaceOrientationPortrait UIInterfaceOrientationLandscapeLeft UIInterfaceOrientationLandscapeRight";
				LD_RUNPATH_SEARCH_PATHS = (
					"$(inherited)",
					"@executable_path/Frameworks",
				);
				MARKETING_VERSION = 1.0;
				PRODUCT_BUNDLE_IDENTIFIER = "Arjun-Lamba.URCityAI";
				PRODUCT_NAME = "$(TARGET_NAME)";
				SWIFT_EMIT_LOC_STRINGS = YES;
				SWIFT_VERSION = 5.0;
				TARGETED_DEVICE_FAMILY = "1,2";
			};
			name = Release;
		};
		AB34BC0C2DAE081A00C2C599 /* Debug */ = {
			isa = XCBuildConfiguration;
			buildSettings = {
				BUNDLE_LOADER = "$(TEST_HOST)";
				CODE_SIGN_STYLE = Automatic;
				CURRENT_PROJECT_VERSION = 1;
				DEVELOPMENT_TEAM = Y7CTS4353N;
				GENERATE_INFOPLIST_FILE = YES;
				IPHONEOS_DEPLOYMENT_TARGET = 18.2;
				MARKETING_VERSION = 1.0;
				PRODUCT_BUNDLE_IDENTIFIER = "Arjun-Lamba.URCityAITests";
				PRODUCT_NAME = "$(TARGET_NAME)";
				SWIFT_EMIT_LOC_STRINGS = NO;
				SWIFT_VERSION = 5.0;
				TARGETED_DEVICE_FAMILY = "1,2";
				TEST_HOST = "$(BUILT_PRODUCTS_DIR)/URCityAI.app/$(BUNDLE_EXECUTABLE_FOLDER_PATH)/URCityAI";
			};
			name = Debug;
		};
		AB34BC0D2DAE081A00C2C599 /* Release */ = {
			isa = XCBuildConfiguration;
			buildSettings = {
				BUNDLE_LOADER = "$(TEST_HOST)";
				CODE_SIGN_STYLE = Automatic;
				CURRENT_PROJECT_VERSION = 1;
				DEVELOPMENT_TEAM = Y7CTS4353N;
				GENERATE_INFOPLIST_FILE = YES;
				IPHONEOS_DEPLOYMENT_TARGET = 18.2;
				MARKETING_VERSION = 1.0;
				PRODUCT_BUNDLE_IDENTIFIER = "Arjun-Lamba.URCityAITests";
				PRODUCT_NAME = "$(TARGET_NAME)";
				SWIFT_EMIT_LOC_STRINGS = NO;
				SWIFT_VERSION = 5.0;
				TARGETED_DEVICE_FAMILY = "1,2";
				TEST_HOST = "$(BUILT_PRODUCTS_DIR)/URCityAI.app/$(BUNDLE_EXECUTABLE_FOLDER_PATH)/URCityAI";
			};
			name = Release;
		};
		AB34BC0F2DAE081A00C2C599 /* Debug */ = {
			isa = XCBuildConfiguration;
			buildSettings = {
				CODE_SIGN_STYLE = Automatic;
				CURRENT_PROJECT_VERSION = 1;
				DEVELOPMENT_TEAM = Y7CTS4353N;
				GENERATE_INFOPLIST_FILE = YES;
				MARKETING_VERSION = 1.0;
				PRODUCT_BUNDLE_IDENTIFIER = "Arjun-Lamba.URCityAIUITests";
				PRODUCT_NAME = "$(TARGET_NAME)";
				SWIFT_EMIT_LOC_STRINGS = NO;
				SWIFT_VERSION = 5.0;
				TARGETED_DEVICE_FAMILY = "1,2";
				TEST_TARGET_NAME = URCityAI;
			};
			name = Debug;
		};
		AB34BC102DAE081A00C2C599 /* Release */ = {
			isa = XCBuildConfiguration;
			buildSettings = {
				CODE_SIGN_STYLE = Automatic;
				CURRENT_PROJECT_VERSION = 1;
				DEVELOPMENT_TEAM = Y7CTS4353N;
				GENERATE_INFOPLIST_FILE = YES;
				MARKETING_VERSION = 1.0;
				PRODUCT_BUNDLE_IDENTIFIER = "Arjun-Lamba.URCityAIUITests";
				PRODUCT_NAME = "$(TARGET_NAME)";
				SWIFT_EMIT_LOC_STRINGS = NO;
				SWIFT_VERSION = 5.0;
				TARGETED_DEVICE_FAMILY = "1,2";
				TEST_TARGET_NAME = URCityAI;
			};
			name = Release;
		};
/* End XCBuildConfiguration section */

/* Begin XCConfigurationList section */
		AB34BBDF2DAE081800C2C599 /* Build configuration list for PBXProject "URCityAI" */ = {
			isa = XCConfigurationList;
			buildConfigurations = (
				AB34BC062DAE081A00C2C599 /* Debug */,
				AB34BC072DAE081A00C2C599 /* Release */,
			);
			defaultConfigurationIsVisible = 0;
			defaultConfigurationName = Release;
		};
		AB34BC082DAE081A00C2C599 /* Build configuration list for PBXNativeTarget "URCityAI" */ = {
			isa = XCConfigurationList;
			buildConfigurations = (
				AB34BC092DAE081A00C2C599 /* Debug */,
				AB34BC0A2DAE081A00C2C599 /* Release */,
			);
			defaultConfigurationIsVisible = 0;
			defaultConfigurationName = Release;
		};
		AB34BC0B2DAE081A00C2C599 /* Build configuration list for PBXNativeTarget "URCityAITests" */ = {
			isa = XCConfigurationList;
			buildConfigurations = (
				AB34BC0C2DAE081A00C2C599 /* Debug */,
				AB34BC0D2DAE081A00C2C599 /* Release */,
			);
			defaultConfigurationIsVisible = 0;
			defaultConfigurationName = Release;
		};
		AB34BC0E2DAE081A00C2C599 /* Build configuration list for PBXNativeTarget "URCityAIUITests" */ = {
			isa = XCConfigurationList;
			buildConfigurations = (
				AB34BC0F2DAE081A00C2C599 /* Debug */,
				AB34BC102DAE081A00C2C599 /* Release */,
			);
			defaultConfigurationIsVisible = 0;
			defaultConfigurationName = Release;
		};
/* End XCConfigurationList section */

/* Begin XCRemoteSwiftPackageReference section */
		AB34BC2A2DAEC03D00C2C599 /* XCRemoteSwiftPackageReference "SwiftCSV" */ = {
			isa = XCRemoteSwiftPackageReference;
			repositoryURL = "https://github.com/swiftcsv/SwiftCSV";
			requirement = {
				kind = upToNextMajorVersion;
				minimumVersion = 0.10.0;
			};
		};
/* End XCRemoteSwiftPackageReference section */

/* Begin XCSwiftPackageProductDependency section */
		AB34BC2B2DAEC03D00C2C599 /* SwiftCSV */ = {
			isa = XCSwiftPackageProductDependency;
			package = AB34BC2A2DAEC03D00C2C599 /* XCRemoteSwiftPackageReference "SwiftCSV" */;
			productName = SwiftCSV;
		};
/* End XCSwiftPackageProductDependency section */
	};
	rootObject = AB34BBDC2DAE081800C2C599 /* Project object */;
}
